PODS:
  - Flutter (1.0.0)
  - image_picker_modern (0.0.1):
    - Flutter
  - path_provider (0.0.1):
    - Flutter
  - url_launcher (0.0.1):
    - Flutter

DEPENDENCIES:
  - Flutter (from `Flutter`)
  - image_picker_modern (from `.symlinks/plugins/image_picker_modern/ios`)
  - path_provider (from `.symlinks/plugins/path_provider/ios`)
  - url_launcher (from `.symlinks/plugins/url_launcher/ios`)

EXTERNAL SOURCES:
  Flutter:
    :path: Flutter
  image_picker_modern:
    :path: ".symlinks/plugins/image_picker_modern/ios"
  path_provider:
    :path: ".symlinks/plugins/path_provider/ios"
  url_launcher:
    :path: ".symlinks/plugins/url_launcher/ios"

SPEC CHECKSUMS:
  Flutter: 0e3d915762c693b495b44d77113d4970485de6ec
  image_picker_modern: 40bc7d164e23451a0417e302e514746a2b81c269
  path_provider: f96fff6166a8867510d2c25fdcc346327cc4b259
  url_launcher: 6fef411d543ceb26efce54b05a0a40bfd74cbbef

PODFILE CHECKSUM: aafe91acc616949ddb318b77800a7f51bffa2a4c

COCOAPODS: 1.10.0
